
Microsoft Visual Studio Solution File, Format Version 12.00
# Visual Studio Version 17
VisualStudioVersion = 17.1.32210.238
MinimumVisualStudioVersion = 10.0.40219.1
Project("{FAE04EC0-301F-11D3-BF4B-00C04F79EFBC}") = "CodingTracker", "CodingTracker\CodingTracker.csproj", "{44F496B9-EF5D-4C6E-ACAE-47A7784A8ED9}"
EndProject
Global
	GlobalSection(SolutionConfigurationPlatforms) = preSolution
		Debug|Any CPU = Debug|Any CPU
		Release|Any CPU = Release|Any CPU
	EndGlobalSection
	GlobalSection(ProjectConfigurationPlatforms) = postSolution
		{44F496B9-EF5D-4C6E-ACAE-47A7784A8ED9}.Debug|Any CPU.ActiveCfg = Debug|Any CPU
		{44F496B9-EF5D-4C6E-ACAE-47A7784A8ED9}.Debug|Any CPU.Build.0 = Debug|Any CPU
		{44F496B9-EF5D-4C6E-ACAE-47A7784A8ED9}.Release|Any CPU.ActiveCfg = Release|Any CPU
		{44F496B9-EF5D-4C6E-ACAE-47A7784A8ED9}.Release|Any CPU.Build.0 = Release|Any CPU
	EndGlobalSection
	GlobalSection(SolutionProperties) = preSolution
		HideSolutionNode = FALSE
	EndGlobalSection
	GlobalSection(ExtensibilityGlobals) = postSolution
		SolutionGuid = {3278614A-50A7-417F-BC9A-D01155DDE13D}
	EndGlobalSection
EndGlobal
